// !$*UTF8*$!
{
	archiveVersion = 1;
	classes = {
	};
	objectVersion = 51;
	objects = {

/* Begin PBXBuildFile section */
		0F038057252070EF00053C62 /* AppDelegate.swift in Sources */ = {isa = PBXBuildFile; fileRef = 0F038056252070EF00053C62 /* AppDelegate.swift */; };
		0F038059252070EF00053C62 /* SceneDelegate.swift in Sources */ = {isa = PBXBuildFile; fileRef = 0F038058252070EF00053C62 /* SceneDelegate.swift */; };
		0F03805B252070EF00053C62 /* ViewController.swift in Sources */ = {isa = PBXBuildFile; fileRef = 0F03805A252070EF00053C62 /* ViewController.swift */; };
		0F03805E252070EF00053C62 /* Main.storyboard in Resources */ = {isa = PBXBuildFile; fileRef = 0F03805C252070EF00053C62 /* Main.storyboard */; };
		0F038060252070F100053C62 /* Assets.xcassets in Resources */ = {isa = PBXBuildFile; fileRef = 0F03805F252070F100053C62 /* Assets.xcassets */; };
		0F038063252070F100053C62 /* LaunchScreen.storyboard in Resources */ = {isa = PBXBuildFile; fileRef = 0F038061252070F100053C62 /* LaunchScreen.storyboard */; };
		0F03806E252070F100053C62 /* tenSecondsTimerTests.swift in Sources */ = {isa = PBXBuildFile; fileRef = 0F03806D252070F100053C62 /* tenSecondsTimerTests.swift */; };
		0F038079252070F100053C62 /* tenSecondsTimerUITests.swift in Sources */ = {isa = PBXBuildFile; fileRef = 0F038078252070F100053C62 /* tenSecondsTimerUITests.swift */; };
		0F318A5A254FEE5E008538BD /* JustGetMiddlePlayWithOthers5ViewController.swift in Sources */ = {isa = PBXBuildFile; fileRef = 0F318A53254FEE5E008538BD /* JustGetMiddlePlayWithOthers5ViewController.swift */; };
		0F318A5B254FEE5E008538BD /* JustGetMiddlePlayWithOthers4ViewController.swift in Sources */ = {isa = PBXBuildFile; fileRef = 0F318A54254FEE5E008538BD /* JustGetMiddlePlayWithOthers4ViewController.swift */; };
		0F318A5C254FEE5E008538BD /* JustGetMiddlePlayWithOthers6ViewController.swift in Sources */ = {isa = PBXBuildFile; fileRef = 0F318A55254FEE5E008538BD /* JustGetMiddlePlayWithOthers6ViewController.swift */; };
		0F318A5D254FEE5E008538BD /* JustGetMiddlePlayWithOthers1ViewController.swift in Sources */ = {isa = PBXBuildFile; fileRef = 0F318A56254FEE5E008538BD /* JustGetMiddlePlayWithOthers1ViewController.swift */; };
		0F318A5E254FEE5E008538BD /* JustGetMiddlePlayWithOthers2ViewController.swift in Sources */ = {isa = PBXBuildFile; fileRef = 0F318A57254FEE5E008538BD /* JustGetMiddlePlayWithOthers2ViewController.swift */; };
		0F318A5F254FEE5E008538BD /* JustGetMiddlePlayWithOthers3ViewController.swift in Sources */ = {isa = PBXBuildFile; fileRef = 0F318A58254FEE5E008538BD /* JustGetMiddlePlayWithOthers3ViewController.swift */; };
		0F318A60254FEE5E008538BD /* JustGetMiddlePlayWithOthersResultViewController.swift in Sources */ = {isa = PBXBuildFile; fileRef = 0F318A59254FEE5E008538BD /* JustGetMiddlePlayWithOthersResultViewController.swift */; };
		0F342F95252839520083DD75 /* MyTabBarController.swift in Sources */ = {isa = PBXBuildFile; fileRef = 0F342F94252839520083DD75 /* MyTabBarController.swift */; };
		0F4DBD9B254FAFD900AA26BB /* ResponseTimeViewController.swift in Sources */ = {isa = PBXBuildFile; fileRef = 0F4DBD80254FAFD900AA26BB /* ResponseTimeViewController.swift */; };
		0F4DBD9C254FAFD900AA26BB /* WorldScoreViewController.swift in Sources */ = {isa = PBXBuildFile; fileRef = 0F4DBD81254FAFD900AA26BB /* WorldScoreViewController.swift */; };
		0F4DBD9D254FAFD900AA26BB /* TenSecondsTimeViewController.swift in Sources */ = {isa = PBXBuildFile; fileRef = 0F4DBD82254FAFD900AA26BB /* TenSecondsTimeViewController.swift */; };
		0F4DBD9E254FAFD900AA26BB /* Player1ViewController.swift in Sources */ = {isa = PBXBuildFile; fileRef = 0F4DBD84254FAFD900AA26BB /* Player1ViewController.swift */; };
		0F4DBD9F254FAFD900AA26BB /* Player3ViewController.swift in Sources */ = {isa = PBXBuildFile; fileRef = 0F4DBD85254FAFD900AA26BB /* Player3ViewController.swift */; };
		0F4DBDA0254FAFD900AA26BB /* Player2ViewController.swift in Sources */ = {isa = PBXBuildFile; fileRef = 0F4DBD86254FAFD900AA26BB /* Player2ViewController.swift */; };
		0F4DBDA1254FAFD900AA26BB /* Player4ViewController.swift in Sources */ = {isa = PBXBuildFile; fileRef = 0F4DBD87254FAFD900AA26BB /* Player4ViewController.swift */; };
		0F4DBDA2254FAFD900AA26BB /* ResultsPlayWithOthersViewController.swift in Sources */ = {isa = PBXBuildFile; fileRef = 0F4DBD88254FAFD900AA26BB /* ResultsPlayWithOthersViewController.swift */; };
		0F4DBDA3254FAFD900AA26BB /* FirstController.swift in Sources */ = {isa = PBXBuildFile; fileRef = 0F4DBD8A254FAFD900AA26BB /* FirstController.swift */; };
		0F4DBDA4254FAFD900AA26BB /* SecondController.swift in Sources */ = {isa = PBXBuildFile; fileRef = 0F4DBD8B254FAFD900AA26BB /* SecondController.swift */; };
		0F4DBDA5254FAFD900AA26BB /* JustGetMiddleViewController.swift in Sources */ = {isa = PBXBuildFile; fileRef = 0F4DBD8D254FAFD900AA26BB /* JustGetMiddleViewController.swift */; };
		0F4DBDA6254FAFD900AA26BB /* JustGetMiddleResultsDetailViewController.swift in Sources */ = {isa = PBXBuildFile; fileRef = 0F4DBD8E254FAFD900AA26BB /* JustGetMiddleResultsDetailViewController.swift */; };
		0F4DBDA7254FAFD900AA26BB /* JustGetMiddleResultsViewController.swift in Sources */ = {isa = PBXBuildFile; fileRef = 0F4DBD8F254FAFD900AA26BB /* JustGetMiddleResultsViewController.swift */; };
		0F4DBDA8254FAFD900AA26BB /* SettingViewController.swift in Sources */ = {isa = PBXBuildFile; fileRef = 0F4DBD91254FAFD900AA26BB /* SettingViewController.swift */; };
		0F4DBDA9254FAFD900AA26BB /* ChangeIconsViewController.swift in Sources */ = {isa = PBXBuildFile; fileRef = 0F4DBD92254FAFD900AA26BB /* ChangeIconsViewController.swift */; };
		0F4DBDAA254FAFD900AA26BB /* DetailSettingViewController.swift in Sources */ = {isa = PBXBuildFile; fileRef = 0F4DBD93254FAFD900AA26BB /* DetailSettingViewController.swift */; };
		0F4DBDAB254FAFD900AA26BB /* Setting.swift in Sources */ = {isa = PBXBuildFile; fileRef = 0F4DBD95254FAFD900AA26BB /* Setting.swift */; };
		0F4DBDAC254FAFD900AA26BB /* JustGetMiddleResult.swift in Sources */ = {isa = PBXBuildFile; fileRef = 0F4DBD97254FAFD900AA26BB /* JustGetMiddleResult.swift */; };
		0F4DBDAD254FAFD900AA26BB /* Record.swift in Sources */ = {isa = PBXBuildFile; fileRef = 0F4DBD98254FAFD900AA26BB /* Record.swift */; };
		0F4DBDAE254FAFD900AA26BB /* EachRecord.swift in Sources */ = {isa = PBXBuildFile; fileRef = 0F4DBD99254FAFD900AA26BB /* EachRecord.swift */; };
		0F4DBDAF254FAFD900AA26BB /* ResultsInOthers.swift in Sources */ = {isa = PBXBuildFile; fileRef = 0F4DBD9A254FAFD900AA26BB /* ResultsInOthers.swift */; };
		0F66BB74254FF3D400B152DF /* JustGetMiddleResultsObject.swift in Sources */ = {isa = PBXBuildFile; fileRef = 0F66BB73254FF3D400B152DF /* JustGetMiddleResultsObject.swift */; };
		0F66BB7925513F9900B152DF /* FirstLauchingViewController.swift in Sources */ = {isa = PBXBuildFile; fileRef = 0F66BB7825513F9800B152DF /* FirstLauchingViewController.swift */; };
		0F66BB7F2551626200B152DF /* CountTimeDto.swift in Sources */ = {isa = PBXBuildFile; fileRef = 0F66BB7E2551626200B152DF /* CountTimeDto.swift */; };
		0F66BB842551627D00B152DF /* JustGetMiddleDto.swift in Sources */ = {isa = PBXBuildFile; fileRef = 0F66BB832551627D00B152DF /* JustGetMiddleDto.swift */; };
		0F66BB89255166EB00B152DF /* CountTimeViewModel.swift in Sources */ = {isa = PBXBuildFile; fileRef = 0F66BB88255166EB00B152DF /* CountTimeViewModel.swift */; };
		0FB3A945255F9E5E00BF58DB /* JustGetMiddlePlayWithOthers7ViewController.swift in Sources */ = {isa = PBXBuildFile; fileRef = 0FB3A944255F9E5E00BF58DB /* JustGetMiddlePlayWithOthers7ViewController.swift */; };
		0FB3A94A255F9E9F00BF58DB /* JustGetMiddlePlayWithOthers8ViewController.swift in Sources */ = {isa = PBXBuildFile; fileRef = 0FB3A949255F9E9F00BF58DB /* JustGetMiddlePlayWithOthers8ViewController.swift */; };
		0FB3A94F255F9EB100BF58DB /* JustGetMiddlePlayWithOthers9ViewController.swift in Sources */ = {isa = PBXBuildFile; fileRef = 0FB3A94E255F9EB100BF58DB /* JustGetMiddlePlayWithOthers9ViewController.swift */; };
		0FB3A954255F9EC800BF58DB /* JustGetMiddlePlayWithOthers10ViewController.swift in Sources */ = {isa = PBXBuildFile; fileRef = 0FB3A953255F9EC800BF58DB /* JustGetMiddlePlayWithOthers10ViewController.swift */; };
		0FB3A959255FB77900BF58DB /* Player5ViewController.swift in Sources */ = {isa = PBXBuildFile; fileRef = 0FB3A958255FB77900BF58DB /* Player5ViewController.swift */; };
		0FB3A95E255FB79000BF58DB /* Player6ViewController.swift in Sources */ = {isa = PBXBuildFile; fileRef = 0FB3A95D255FB79000BF58DB /* Player6ViewController.swift */; };
		0FB3A963255FB7A200BF58DB /* Player7ViewController.swift in Sources */ = {isa = PBXBuildFile; fileRef = 0FB3A962255FB7A200BF58DB /* Player7ViewController.swift */; };
		0FB3A968255FB7B900BF58DB /* Player8ViewController.swift in Sources */ = {isa = PBXBuildFile; fileRef = 0FB3A967255FB7B900BF58DB /* Player8ViewController.swift */; };
		0FB3A96D255FB7CA00BF58DB /* Player9ViewController.swift in Sources */ = {isa = PBXBuildFile; fileRef = 0FB3A96C255FB7CA00BF58DB /* Player9ViewController.swift */; };
		0FB3A972255FB7DC00BF58DB /* Player10ViewController.swift in Sources */ = {isa = PBXBuildFile; fileRef = 0FB3A971255FB7DC00BF58DB /* Player10ViewController.swift */; };
		0FB3A977255FEF9D00BF58DB /* JustGetMiddleLabelDto.swift in Sources */ = {isa = PBXBuildFile; fileRef = 0FB3A976255FEF9D00BF58DB /* JustGetMiddleLabelDto.swift */; };
		0FB620922556699700B7D6F3 /* LoginViewModel.swift in Sources */ = {isa = PBXBuildFile; fileRef = 0FB620912556699700B7D6F3 /* LoginViewModel.swift */; };
		A97DA2EF94960EC2F2213B7A /* Pods_tenSecondsTimer.framework in Frameworks */ = {isa = PBXBuildFile; fileRef = 0AB059BEF78F487F36F36777 /* Pods_tenSecondsTimer.framework */; };
/* End PBXBuildFile section */

/* Begin PBXContainerItemProxy section */
		0F03806A252070F100053C62 /* PBXContainerItemProxy */ = {
			isa = PBXContainerItemProxy;
			containerPortal = 0F03804B252070EF00053C62 /* Project object */;
			proxyType = 1;
			remoteGlobalIDString = 0F038052252070EF00053C62;
			remoteInfo = tenSecondsTimer;
		};
		0F038075252070F100053C62 /* PBXContainerItemProxy */ = {
			isa = PBXContainerItemProxy;
			containerPortal = 0F03804B252070EF00053C62 /* Project object */;
			proxyType = 1;
			remoteGlobalIDString = 0F038052252070EF00053C62;
			remoteInfo = tenSecondsTimer;
		};
/* End PBXContainerItemProxy section */

/* Begin PBXFileReference section */
		0AB059BEF78F487F36F36777 /* Pods_tenSecondsTimer.framework */ = {isa = PBXFileReference; explicitFileType = wrapper.framework; includeInIndex = 0; path = Pods_tenSecondsTimer.framework; sourceTree = BUILT_PRODUCTS_DIR; };
		0F038053252070EF00053C62 /* tenSecondsTimer.app */ = {isa = PBXFileReference; explicitFileType = wrapper.application; includeInIndex = 0; path = tenSecondsTimer.app; sourceTree = BUILT_PRODUCTS_DIR; };
		0F038056252070EF00053C62 /* AppDelegate.swift */ = {isa = PBXFileReference; lastKnownFileType = sourcecode.swift; path = AppDelegate.swift; sourceTree = "<group>"; };
		0F038058252070EF00053C62 /* SceneDelegate.swift */ = {isa = PBXFileReference; lastKnownFileType = sourcecode.swift; path = SceneDelegate.swift; sourceTree = "<group>"; };
		0F03805A252070EF00053C62 /* ViewController.swift */ = {isa = PBXFileReference; lastKnownFileType = sourcecode.swift; path = ViewController.swift; sourceTree = "<group>"; };
		0F03805D252070EF00053C62 /* Base */ = {isa = PBXFileReference; lastKnownFileType = file.storyboard; name = Base; path = Base.lproj/Main.storyboard; sourceTree = "<group>"; };
		0F03805F252070F100053C62 /* Assets.xcassets */ = {isa = PBXFileReference; lastKnownFileType = folder.assetcatalog; path = Assets.xcassets; sourceTree = "<group>"; };
		0F038062252070F100053C62 /* Base */ = {isa = PBXFileReference; lastKnownFileType = file.storyboard; name = Base; path = Base.lproj/LaunchScreen.storyboard; sourceTree = "<group>"; };
		0F038064252070F100053C62 /* Info.plist */ = {isa = PBXFileReference; lastKnownFileType = text.plist.xml; path = Info.plist; sourceTree = "<group>"; };
		0F038069252070F100053C62 /* tenSecondsTimerTests.xctest */ = {isa = PBXFileReference; explicitFileType = wrapper.cfbundle; includeInIndex = 0; path = tenSecondsTimerTests.xctest; sourceTree = BUILT_PRODUCTS_DIR; };
		0F03806D252070F100053C62 /* tenSecondsTimerTests.swift */ = {isa = PBXFileReference; lastKnownFileType = sourcecode.swift; path = tenSecondsTimerTests.swift; sourceTree = "<group>"; };
		0F03806F252070F100053C62 /* Info.plist */ = {isa = PBXFileReference; lastKnownFileType = text.plist.xml; path = Info.plist; sourceTree = "<group>"; };
		0F038074252070F100053C62 /* tenSecondsTimerUITests.xctest */ = {isa = PBXFileReference; explicitFileType = wrapper.cfbundle; includeInIndex = 0; path = tenSecondsTimerUITests.xctest; sourceTree = BUILT_PRODUCTS_DIR; };
		0F038078252070F100053C62 /* tenSecondsTimerUITests.swift */ = {isa = PBXFileReference; lastKnownFileType = sourcecode.swift; path = tenSecondsTimerUITests.swift; sourceTree = "<group>"; };
		0F03807A252070F100053C62 /* Info.plist */ = {isa = PBXFileReference; lastKnownFileType = text.plist.xml; path = Info.plist; sourceTree = "<group>"; };
		0F318A53254FEE5E008538BD /* JustGetMiddlePlayWithOthers5ViewController.swift */ = {isa = PBXFileReference; fileEncoding = 4; lastKnownFileType = sourcecode.swift; path = JustGetMiddlePlayWithOthers5ViewController.swift; sourceTree = "<group>"; };
		0F318A54254FEE5E008538BD /* JustGetMiddlePlayWithOthers4ViewController.swift */ = {isa = PBXFileReference; fileEncoding = 4; lastKnownFileType = sourcecode.swift; path = JustGetMiddlePlayWithOthers4ViewController.swift; sourceTree = "<group>"; };
		0F318A55254FEE5E008538BD /* JustGetMiddlePlayWithOthers6ViewController.swift */ = {isa = PBXFileReference; fileEncoding = 4; lastKnownFileType = sourcecode.swift; path = JustGetMiddlePlayWithOthers6ViewController.swift; sourceTree = "<group>"; };
		0F318A56254FEE5E008538BD /* JustGetMiddlePlayWithOthers1ViewController.swift */ = {isa = PBXFileReference; fileEncoding = 4; lastKnownFileType = sourcecode.swift; path = JustGetMiddlePlayWithOthers1ViewController.swift; sourceTree = "<group>"; };
		0F318A57254FEE5E008538BD /* JustGetMiddlePlayWithOthers2ViewController.swift */ = {isa = PBXFileReference; fileEncoding = 4; lastKnownFileType = sourcecode.swift; path = JustGetMiddlePlayWithOthers2ViewController.swift; sourceTree = "<group>"; };
		0F318A58254FEE5E008538BD /* JustGetMiddlePlayWithOthers3ViewController.swift */ = {isa = PBXFileReference; fileEncoding = 4; lastKnownFileType = sourcecode.swift; path = JustGetMiddlePlayWithOthers3ViewController.swift; sourceTree = "<group>"; };
		0F318A59254FEE5E008538BD /* JustGetMiddlePlayWithOthersResultViewController.swift */ = {isa = PBXFileReference; fileEncoding = 4; lastKnownFileType = sourcecode.swift; path = JustGetMiddlePlayWithOthersResultViewController.swift; sourceTree = "<group>"; };
		0F342F94252839520083DD75 /* MyTabBarController.swift */ = {isa = PBXFileReference; lastKnownFileType = sourcecode.swift; path = MyTabBarController.swift; sourceTree = "<group>"; };
		0F4DBD80254FAFD900AA26BB /* ResponseTimeViewController.swift */ = {isa = PBXFileReference; fileEncoding = 4; lastKnownFileType = sourcecode.swift; path = ResponseTimeViewController.swift; sourceTree = "<group>"; };
		0F4DBD81254FAFD900AA26BB /* WorldScoreViewController.swift */ = {isa = PBXFileReference; fileEncoding = 4; lastKnownFileType = sourcecode.swift; path = WorldScoreViewController.swift; sourceTree = "<group>"; };
		0F4DBD82254FAFD900AA26BB /* TenSecondsTimeViewController.swift */ = {isa = PBXFileReference; fileEncoding = 4; lastKnownFileType = sourcecode.swift; path = TenSecondsTimeViewController.swift; sourceTree = "<group>"; };
		0F4DBD84254FAFD900AA26BB /* Player1ViewController.swift */ = {isa = PBXFileReference; fileEncoding = 4; lastKnownFileType = sourcecode.swift; path = Player1ViewController.swift; sourceTree = "<group>"; };
		0F4DBD85254FAFD900AA26BB /* Player3ViewController.swift */ = {isa = PBXFileReference; fileEncoding = 4; lastKnownFileType = sourcecode.swift; path = Player3ViewController.swift; sourceTree = "<group>"; };
		0F4DBD86254FAFD900AA26BB /* Player2ViewController.swift */ = {isa = PBXFileReference; fileEncoding = 4; lastKnownFileType = sourcecode.swift; path = Player2ViewController.swift; sourceTree = "<group>"; };
		0F4DBD87254FAFD900AA26BB /* Player4ViewController.swift */ = {isa = PBXFileReference; fileEncoding = 4; lastKnownFileType = sourcecode.swift; path = Player4ViewController.swift; sourceTree = "<group>"; };
		0F4DBD88254FAFD900AA26BB /* ResultsPlayWithOthersViewController.swift */ = {isa = PBXFileReference; fileEncoding = 4; lastKnownFileType = sourcecode.swift; path = ResultsPlayWithOthersViewController.swift; sourceTree = "<group>"; };
		0F4DBD8A254FAFD900AA26BB /* FirstController.swift */ = {isa = PBXFileReference; fileEncoding = 4; lastKnownFileType = sourcecode.swift; path = FirstController.swift; sourceTree = "<group>"; };
		0F4DBD8B254FAFD900AA26BB /* SecondController.swift */ = {isa = PBXFileReference; fileEncoding = 4; lastKnownFileType = sourcecode.swift; path = SecondController.swift; sourceTree = "<group>"; };
		0F4DBD8D254FAFD900AA26BB /* JustGetMiddleViewController.swift */ = {isa = PBXFileReference; fileEncoding = 4; lastKnownFileType = sourcecode.swift; path = JustGetMiddleViewController.swift; sourceTree = "<group>"; };
		0F4DBD8E254FAFD900AA26BB /* JustGetMiddleResultsDetailViewController.swift */ = {isa = PBXFileReference; fileEncoding = 4; lastKnownFileType = sourcecode.swift; path = JustGetMiddleResultsDetailViewController.swift; sourceTree = "<group>"; };
		0F4DBD8F254FAFD900AA26BB /* JustGetMiddleResultsViewController.swift */ = {isa = PBXFileReference; fileEncoding = 4; lastKnownFileType = sourcecode.swift; path = JustGetMiddleResultsViewController.swift; sourceTree = "<group>"; };
		0F4DBD91254FAFD900AA26BB /* SettingViewController.swift */ = {isa = PBXFileReference; fileEncoding = 4; lastKnownFileType = sourcecode.swift; path = SettingViewController.swift; sourceTree = "<group>"; };
		0F4DBD92254FAFD900AA26BB /* ChangeIconsViewController.swift */ = {isa = PBXFileReference; fileEncoding = 4; lastKnownFileType = sourcecode.swift; path = ChangeIconsViewController.swift; sourceTree = "<group>"; };
		0F4DBD93254FAFD900AA26BB /* DetailSettingViewController.swift */ = {isa = PBXFileReference; fileEncoding = 4; lastKnownFileType = sourcecode.swift; path = DetailSettingViewController.swift; sourceTree = "<group>"; };
		0F4DBD95254FAFD900AA26BB /* Setting.swift */ = {isa = PBXFileReference; fileEncoding = 4; lastKnownFileType = sourcecode.swift; path = Setting.swift; sourceTree = "<group>"; };
		0F4DBD97254FAFD900AA26BB /* JustGetMiddleResult.swift */ = {isa = PBXFileReference; fileEncoding = 4; lastKnownFileType = sourcecode.swift; path = JustGetMiddleResult.swift; sourceTree = "<group>"; };
		0F4DBD98254FAFD900AA26BB /* Record.swift */ = {isa = PBXFileReference; fileEncoding = 4; lastKnownFileType = sourcecode.swift; path = Record.swift; sourceTree = "<group>"; };
		0F4DBD99254FAFD900AA26BB /* EachRecord.swift */ = {isa = PBXFileReference; fileEncoding = 4; lastKnownFileType = sourcecode.swift; path = EachRecord.swift; sourceTree = "<group>"; };
		0F4DBD9A254FAFD900AA26BB /* ResultsInOthers.swift */ = {isa = PBXFileReference; fileEncoding = 4; lastKnownFileType = sourcecode.swift; path = ResultsInOthers.swift; sourceTree = "<group>"; };
		0F66BB73254FF3D400B152DF /* JustGetMiddleResultsObject.swift */ = {isa = PBXFileReference; lastKnownFileType = sourcecode.swift; path = JustGetMiddleResultsObject.swift; sourceTree = "<group>"; };
		0F66BB7825513F9800B152DF /* FirstLauchingViewController.swift */ = {isa = PBXFileReference; lastKnownFileType = sourcecode.swift; path = FirstLauchingViewController.swift; sourceTree = "<group>"; };
		0F66BB7E2551626200B152DF /* CountTimeDto.swift */ = {isa = PBXFileReference; lastKnownFileType = sourcecode.swift; path = CountTimeDto.swift; sourceTree = "<group>"; };
		0F66BB832551627D00B152DF /* JustGetMiddleDto.swift */ = {isa = PBXFileReference; lastKnownFileType = sourcecode.swift; path = JustGetMiddleDto.swift; sourceTree = "<group>"; };
		0F66BB88255166EB00B152DF /* CountTimeViewModel.swift */ = {isa = PBXFileReference; lastKnownFileType = sourcecode.swift; path = CountTimeViewModel.swift; sourceTree = "<group>"; };
		0FB3A944255F9E5E00BF58DB /* JustGetMiddlePlayWithOthers7ViewController.swift */ = {isa = PBXFileReference; lastKnownFileType = sourcecode.swift; path = JustGetMiddlePlayWithOthers7ViewController.swift; sourceTree = "<group>"; };
		0FB3A949255F9E9F00BF58DB /* JustGetMiddlePlayWithOthers8ViewController.swift */ = {isa = PBXFileReference; lastKnownFileType = sourcecode.swift; path = JustGetMiddlePlayWithOthers8ViewController.swift; sourceTree = "<group>"; };
		0FB3A94E255F9EB100BF58DB /* JustGetMiddlePlayWithOthers9ViewController.swift */ = {isa = PBXFileReference; lastKnownFileType = sourcecode.swift; path = JustGetMiddlePlayWithOthers9ViewController.swift; sourceTree = "<group>"; };
		0FB3A953255F9EC800BF58DB /* JustGetMiddlePlayWithOthers10ViewController.swift */ = {isa = PBXFileReference; lastKnownFileType = sourcecode.swift; path = JustGetMiddlePlayWithOthers10ViewController.swift; sourceTree = "<group>"; };
		0FB3A958255FB77900BF58DB /* Player5ViewController.swift */ = {isa = PBXFileReference; lastKnownFileType = sourcecode.swift; path = Player5ViewController.swift; sourceTree = "<group>"; };
		0FB3A95D255FB79000BF58DB /* Player6ViewController.swift */ = {isa = PBXFileReference; lastKnownFileType = sourcecode.swift; path = Player6ViewController.swift; sourceTree = "<group>"; };
		0FB3A962255FB7A200BF58DB /* Player7ViewController.swift */ = {isa = PBXFileReference; lastKnownFileType = sourcecode.swift; path = Player7ViewController.swift; sourceTree = "<group>"; };
		0FB3A967255FB7B900BF58DB /* Player8ViewController.swift */ = {isa = PBXFileReference; lastKnownFileType = sourcecode.swift; path = Player8ViewController.swift; sourceTree = "<group>"; };
		0FB3A96C255FB7CA00BF58DB /* Player9ViewController.swift */ = {isa = PBXFileReference; lastKnownFileType = sourcecode.swift; path = Player9ViewController.swift; sourceTree = "<group>"; };
		0FB3A971255FB7DC00BF58DB /* Player10ViewController.swift */ = {isa = PBXFileReference; lastKnownFileType = sourcecode.swift; path = Player10ViewController.swift; sourceTree = "<group>"; };
		0FB3A976255FEF9D00BF58DB /* JustGetMiddleLabelDto.swift */ = {isa = PBXFileReference; lastKnownFileType = sourcecode.swift; path = JustGetMiddleLabelDto.swift; sourceTree = "<group>"; };
		0FB620912556699700B7D6F3 /* LoginViewModel.swift */ = {isa = PBXFileReference; lastKnownFileType = sourcecode.swift; path = LoginViewModel.swift; sourceTree = "<group>"; };
		4757FF48A49EEA45044EC7DC /* Pods-tenSecondsTimer.release.xcconfig */ = {isa = PBXFileReference; includeInIndex = 1; lastKnownFileType = text.xcconfig; name = "Pods-tenSecondsTimer.release.xcconfig"; path = "Target Support Files/Pods-tenSecondsTimer/Pods-tenSecondsTimer.release.xcconfig"; sourceTree = "<group>"; };
		CEF31107578B439F79189372 /* Pods-tenSecondsTimer.debug.xcconfig */ = {isa = PBXFileReference; includeInIndex = 1; lastKnownFileType = text.xcconfig; name = "Pods-tenSecondsTimer.debug.xcconfig"; path = "Target Support Files/Pods-tenSecondsTimer/Pods-tenSecondsTimer.debug.xcconfig"; sourceTree = "<group>"; };
/* End PBXFileReference section */

/* Begin PBXFrameworksBuildPhase section */
		0F038050252070EF00053C62 /* Frameworks */ = {
			isa = PBXFrameworksBuildPhase;
			buildActionMask = 2147483647;
			files = (
				A97DA2EF94960EC2F2213B7A /* Pods_tenSecondsTimer.framework in Frameworks */,
			);
			runOnlyForDeploymentPostprocessing = 0;
		};
		0F038066252070F100053C62 /* Frameworks */ = {
			isa = PBXFrameworksBuildPhase;
			buildActionMask = 2147483647;
			files = (
			);
			runOnlyForDeploymentPostprocessing = 0;
		};
		0F038071252070F100053C62 /* Frameworks */ = {
			isa = PBXFrameworksBuildPhase;
			buildActionMask = 2147483647;
			files = (
			);
			runOnlyForDeploymentPostprocessing = 0;
		};
/* End PBXFrameworksBuildPhase section */

/* Begin PBXGroup section */
		0F03804A252070EF00053C62 = {
			isa = PBXGroup;
			children = (
				0F038055252070EF00053C62 /* tenSecondsTimer */,
				0F03806C252070F100053C62 /* tenSecondsTimerTests */,
				0F038077252070F100053C62 /* tenSecondsTimerUITests */,
				0F038054252070EF00053C62 /* Products */,
				8B1628FAB5570BF8D6C6D4C5 /* Pods */,
				331C59BB463F7DAD198837E7 /* Frameworks */,
			);
			sourceTree = "<group>";
		};
		0F038054252070EF00053C62 /* Products */ = {
			isa = PBXGroup;
			children = (
				0F038053252070EF00053C62 /* tenSecondsTimer.app */,
				0F038069252070F100053C62 /* tenSecondsTimerTests.xctest */,
				0F038074252070F100053C62 /* tenSecondsTimerUITests.xctest */,
			);
			name = Products;
			sourceTree = "<group>";
		};
		0F038055252070EF00053C62 /* tenSecondsTimer */ = {
			isa = PBXGroup;
			children = (
				0FB620902556696F00B7D6F3 /* Login */,
				0F66BB7D2551624100B152DF /* DTO */,
				0F318A52254FEE5E008538BD /* JustGetMiddlePlayWIthOthers */,
				0F038056252070EF00053C62 /* AppDelegate.swift */,
				0F038058252070EF00053C62 /* SceneDelegate.swift */,
				0F03805A252070EF00053C62 /* ViewController.swift */,
				0F4DBD89254FAFD900AA26BB /* CountTime */,
				0F4DBD83254FAFD900AA26BB /* CountTimeWithOthers */,
				0F4DBD96254FAFD900AA26BB /* DAO */,
				0F4DBD8C254FAFD900AA26BB /* JustGetMiddle */,
				0F4DBD90254FAFD900AA26BB /* Setting */,
				0F4DBD94254FAFD900AA26BB /* Util */,
				0F4DBD7F254FAFD900AA26BB /* World */,
				0F03805C252070EF00053C62 /* Main.storyboard */,
				0F03805F252070F100053C62 /* Assets.xcassets */,
				0F038061252070F100053C62 /* LaunchScreen.storyboard */,
				0F038064252070F100053C62 /* Info.plist */,
				0F342F94252839520083DD75 /* MyTabBarController.swift */,
			);
			path = tenSecondsTimer;
			sourceTree = "<group>";
		};
		0F03806C252070F100053C62 /* tenSecondsTimerTests */ = {
			isa = PBXGroup;
			children = (
				0F03806D252070F100053C62 /* tenSecondsTimerTests.swift */,
				0F03806F252070F100053C62 /* Info.plist */,
			);
			path = tenSecondsTimerTests;
			sourceTree = "<group>";
		};
		0F038077252070F100053C62 /* tenSecondsTimerUITests */ = {
			isa = PBXGroup;
			children = (
				0F038078252070F100053C62 /* tenSecondsTimerUITests.swift */,
				0F03807A252070F100053C62 /* Info.plist */,
			);
			path = tenSecondsTimerUITests;
			sourceTree = "<group>";
		};
		0F318A52254FEE5E008538BD /* JustGetMiddlePlayWIthOthers */ = {
			isa = PBXGroup;
			children = (
				0F318A53254FEE5E008538BD /* JustGetMiddlePlayWithOthers5ViewController.swift */,
				0F318A54254FEE5E008538BD /* JustGetMiddlePlayWithOthers4ViewController.swift */,
				0F318A55254FEE5E008538BD /* JustGetMiddlePlayWithOthers6ViewController.swift */,
				0F318A56254FEE5E008538BD /* JustGetMiddlePlayWithOthers1ViewController.swift */,
				0F318A57254FEE5E008538BD /* JustGetMiddlePlayWithOthers2ViewController.swift */,
				0F318A58254FEE5E008538BD /* JustGetMiddlePlayWithOthers3ViewController.swift */,
				0F318A59254FEE5E008538BD /* JustGetMiddlePlayWithOthersResultViewController.swift */,
				0FB3A944255F9E5E00BF58DB /* JustGetMiddlePlayWithOthers7ViewController.swift */,
				0FB3A949255F9E9F00BF58DB /* JustGetMiddlePlayWithOthers8ViewController.swift */,
				0FB3A94E255F9EB100BF58DB /* JustGetMiddlePlayWithOthers9ViewController.swift */,
				0FB3A953255F9EC800BF58DB /* JustGetMiddlePlayWithOthers10ViewController.swift */,
			);
			name = JustGetMiddlePlayWIthOthers;
			path = tenSecondsTimer/JustGetMiddlePlayWIthOthers;
			sourceTree = SOURCE_ROOT;
		};
		0F4DBD7F254FAFD900AA26BB /* World */ = {
			isa = PBXGroup;
			children = (
				0F4DBD80254FAFD900AA26BB /* ResponseTimeViewController.swift */,
				0F4DBD81254FAFD900AA26BB /* WorldScoreViewController.swift */,
				0F4DBD82254FAFD900AA26BB /* TenSecondsTimeViewController.swift */,
				0F66BB88255166EB00B152DF /* CountTimeViewModel.swift */,
			);
			path = World;
			sourceTree = "<group>";
		};
		0F4DBD83254FAFD900AA26BB /* CountTimeWithOthers */ = {
			isa = PBXGroup;
			children = (
				0F4DBD84254FAFD900AA26BB /* Player1ViewController.swift */,
				0F4DBD85254FAFD900AA26BB /* Player3ViewController.swift */,
				0F4DBD86254FAFD900AA26BB /* Player2ViewController.swift */,
				0F4DBD87254FAFD900AA26BB /* Player4ViewController.swift */,
				0F4DBD88254FAFD900AA26BB /* ResultsPlayWithOthersViewController.swift */,
				0FB3A958255FB77900BF58DB /* Player5ViewController.swift */,
				0FB3A95D255FB79000BF58DB /* Player6ViewController.swift */,
				0FB3A962255FB7A200BF58DB /* Player7ViewController.swift */,
				0FB3A967255FB7B900BF58DB /* Player8ViewController.swift */,
				0FB3A96C255FB7CA00BF58DB /* Player9ViewController.swift */,
				0FB3A971255FB7DC00BF58DB /* Player10ViewController.swift */,
			);
			path = CountTimeWithOthers;
			sourceTree = "<group>";
		};
		0F4DBD89254FAFD900AA26BB /* CountTime */ = {
			isa = PBXGroup;
			children = (
				0F4DBD8A254FAFD900AA26BB /* FirstController.swift */,
				0F4DBD8B254FAFD900AA26BB /* SecondController.swift */,
			);
			path = CountTime;
			sourceTree = "<group>";
		};
		0F4DBD8C254FAFD900AA26BB /* JustGetMiddle */ = {
			isa = PBXGroup;
			children = (
				0F4DBD8D254FAFD900AA26BB /* JustGetMiddleViewController.swift */,
				0F4DBD8E254FAFD900AA26BB /* JustGetMiddleResultsDetailViewController.swift */,
				0F4DBD8F254FAFD900AA26BB /* JustGetMiddleResultsViewController.swift */,
			);
			path = JustGetMiddle;
			sourceTree = "<group>";
		};
		0F4DBD90254FAFD900AA26BB /* Setting */ = {
			isa = PBXGroup;
			children = (
				0F4DBD91254FAFD900AA26BB /* SettingViewController.swift */,
				0F4DBD92254FAFD900AA26BB /* ChangeIconsViewController.swift */,
				0F4DBD93254FAFD900AA26BB /* DetailSettingViewController.swift */,
			);
			path = Setting;
			sourceTree = "<group>";
		};
		0F4DBD94254FAFD900AA26BB /* Util */ = {
			isa = PBXGroup;
			children = (
				0F4DBD95254FAFD900AA26BB /* Setting.swift */,
			);
			path = Util;
			sourceTree = "<group>";
		};
		0F4DBD96254FAFD900AA26BB /* DAO */ = {
			isa = PBXGroup;
			children = (
				0F4DBD97254FAFD900AA26BB /* JustGetMiddleResult.swift */,
				0F4DBD98254FAFD900AA26BB /* Record.swift */,
				0F4DBD99254FAFD900AA26BB /* EachRecord.swift */,
				0F4DBD9A254FAFD900AA26BB /* ResultsInOthers.swift */,
				0F66BB73254FF3D400B152DF /* JustGetMiddleResultsObject.swift */,
			);
			path = DAO;
			sourceTree = "<group>";
		};
		0F66BB7D2551624100B152DF /* DTO */ = {
			isa = PBXGroup;
			children = (
				0F66BB7E2551626200B152DF /* CountTimeDto.swift */,
				0F66BB832551627D00B152DF /* JustGetMiddleDto.swift */,
				0FB3A976255FEF9D00BF58DB /* JustGetMiddleLabelDto.swift */,
			);
			path = DTO;
			sourceTree = "<group>";
		};
		0FB620902556696F00B7D6F3 /* Login */ = {
			isa = PBXGroup;
			children = (
				0F66BB7825513F9800B152DF /* FirstLauchingViewController.swift */,
				0FB620912556699700B7D6F3 /* LoginViewModel.swift */,
			);
			path = Login;
			sourceTree = "<group>";
		};
		331C59BB463F7DAD198837E7 /* Frameworks */ = {
			isa = PBXGroup;
			children = (
				0AB059BEF78F487F36F36777 /* Pods_tenSecondsTimer.framework */,
			);
			name = Frameworks;
			sourceTree = "<group>";
		};
		8B1628FAB5570BF8D6C6D4C5 /* Pods */ = {
			isa = PBXGroup;
			children = (
				CEF31107578B439F79189372 /* Pods-tenSecondsTimer.debug.xcconfig */,
				4757FF48A49EEA45044EC7DC /* Pods-tenSecondsTimer.release.xcconfig */,
			);
			path = Pods;
			sourceTree = "<group>";
		};
/* End PBXGroup section */

/* Begin PBXNativeTarget section */
		0F038052252070EF00053C62 /* tenSecondsTimer */ = {
			isa = PBXNativeTarget;
			buildConfigurationList = 0F03807D252070F100053C62 /* Build configuration list for PBXNativeTarget "tenSecondsTimer" */;
			buildPhases = (
				F50AC8F9A26A0DEA2F35C2A8 /* [CP] Check Pods Manifest.lock */,
				0F03804F252070EF00053C62 /* Sources */,
				0F038050252070EF00053C62 /* Frameworks */,
				0F038051252070EF00053C62 /* Resources */,
				DE2C0D800D92F129467A7DCF /* [CP] Embed Pods Frameworks */,
			);
			buildRules = (
			);
			dependencies = (
			);
			name = tenSecondsTimer;
			productName = tenSecondsTimer;
			productReference = 0F038053252070EF00053C62 /* tenSecondsTimer.app */;
			productType = "com.apple.product-type.application";
		};
		0F038068252070F100053C62 /* tenSecondsTimerTests */ = {
			isa = PBXNativeTarget;
			buildConfigurationList = 0F038080252070F100053C62 /* Build configuration list for PBXNativeTarget "tenSecondsTimerTests" */;
			buildPhases = (
				0F038065252070F100053C62 /* Sources */,
				0F038066252070F100053C62 /* Frameworks */,
				0F038067252070F100053C62 /* Resources */,
			);
			buildRules = (
			);
			dependencies = (
				0F03806B252070F100053C62 /* PBXTargetDependency */,
			);
			name = tenSecondsTimerTests;
			productName = tenSecondsTimerTests;
			productReference = 0F038069252070F100053C62 /* tenSecondsTimerTests.xctest */;
			productType = "com.apple.product-type.bundle.unit-test";
		};
		0F038073252070F100053C62 /* tenSecondsTimerUITests */ = {
			isa = PBXNativeTarget;
			buildConfigurationList = 0F038083252070F100053C62 /* Build configuration list for PBXNativeTarget "tenSecondsTimerUITests" */;
			buildPhases = (
				0F038070252070F100053C62 /* Sources */,
				0F038071252070F100053C62 /* Frameworks */,
				0F038072252070F100053C62 /* Resources */,
			);
			buildRules = (
			);
			dependencies = (
				0F038076252070F100053C62 /* PBXTargetDependency */,
			);
			name = tenSecondsTimerUITests;
			productName = tenSecondsTimerUITests;
			productReference = 0F038074252070F100053C62 /* tenSecondsTimerUITests.xctest */;
			productType = "com.apple.product-type.bundle.ui-testing";
		};
/* End PBXNativeTarget section */

/* Begin PBXProject section */
		0F03804B252070EF00053C62 /* Project object */ = {
			isa = PBXProject;
			attributes = {
				LastSwiftUpdateCheck = 1200;
				LastUpgradeCheck = 1200;
				TargetAttributes = {
					0F038052252070EF00053C62 = {
						CreatedOnToolsVersion = 12.0.1;
					};
					0F038068252070F100053C62 = {
						CreatedOnToolsVersion = 12.0.1;
						TestTargetID = 0F038052252070EF00053C62;
					};
					0F038073252070F100053C62 = {
						CreatedOnToolsVersion = 12.0.1;
						TestTargetID = 0F038052252070EF00053C62;
					};
				};
			};
			buildConfigurationList = 0F03804E252070EF00053C62 /* Build configuration list for PBXProject "tenSecondsTimer" */;
			compatibilityVersion = "Xcode 9.3";
			developmentRegion = en;
			hasScannedForEncodings = 0;
			knownRegions = (
				en,
				Base,
			);
			mainGroup = 0F03804A252070EF00053C62;
			productRefGroup = 0F038054252070EF00053C62 /* Products */;
			projectDirPath = "";
			projectRoot = "";
			targets = (
				0F038052252070EF00053C62 /* tenSecondsTimer */,
				0F038068252070F100053C62 /* tenSecondsTimerTests */,
				0F038073252070F100053C62 /* tenSecondsTimerUITests */,
			);
		};
/* End PBXProject section */

/* Begin PBXResourcesBuildPhase section */
		0F038051252070EF00053C62 /* Resources */ = {
			isa = PBXResourcesBuildPhase;
			buildActionMask = 2147483647;
			files = (
				0F038063252070F100053C62 /* LaunchScreen.storyboard in Resources */,
				0F038060252070F100053C62 /* Assets.xcassets in Resources */,
				0F03805E252070EF00053C62 /* Main.storyboard in Resources */,
			);
			runOnlyForDeploymentPostprocessing = 0;
		};
		0F038067252070F100053C62 /* Resources */ = {
			isa = PBXResourcesBuildPhase;
			buildActionMask = 2147483647;
			files = (
			);
			runOnlyForDeploymentPostprocessing = 0;
		};
		0F038072252070F100053C62 /* Resources */ = {
			isa = PBXResourcesBuildPhase;
			buildActionMask = 2147483647;
			files = (
			);
			runOnlyForDeploymentPostprocessing = 0;
		};
/* End PBXResourcesBuildPhase section */

/* Begin PBXShellScriptBuildPhase section */
		DE2C0D800D92F129467A7DCF /* [CP] Embed Pods Frameworks */ = {
			isa = PBXShellScriptBuildPhase;
			buildActionMask = 2147483647;
			files = (
			);
			inputFileListPaths = (
				"${PODS_ROOT}/Target Support Files/Pods-tenSecondsTimer/Pods-tenSecondsTimer-frameworks-${CONFIGURATION}-input-files.xcfilelist",
			);
			name = "[CP] Embed Pods Frameworks";
			outputFileListPaths = (
				"${PODS_ROOT}/Target Support Files/Pods-tenSecondsTimer/Pods-tenSecondsTimer-frameworks-${CONFIGURATION}-output-files.xcfilelist",
			);
			runOnlyForDeploymentPostprocessing = 0;
			shellPath = /bin/sh;
			shellScript = "\"${PODS_ROOT}/Target Support Files/Pods-tenSecondsTimer/Pods-tenSecondsTimer-frameworks.sh\"\n";
			showEnvVarsInLog = 0;
		};
		F50AC8F9A26A0DEA2F35C2A8 /* [CP] Check Pods Manifest.lock */ = {
			isa = PBXShellScriptBuildPhase;
			buildActionMask = 2147483647;
			files = (
			);
			inputFileListPaths = (
			);
			inputPaths = (
				"${PODS_PODFILE_DIR_PATH}/Podfile.lock",
				"${PODS_ROOT}/Manifest.lock",
			);
			name = "[CP] Check Pods Manifest.lock";
			outputFileListPaths = (
			);
			outputPaths = (
				"$(DERIVED_FILE_DIR)/Pods-tenSecondsTimer-checkManifestLockResult.txt",
			);
			runOnlyForDeploymentPostprocessing = 0;
			shellPath = /bin/sh;
			shellScript = "diff \"${PODS_PODFILE_DIR_PATH}/Podfile.lock\" \"${PODS_ROOT}/Manifest.lock\" > /dev/null\nif [ $? != 0 ] ; then\n    # print error to STDERR\n    echo \"error: The sandbox is not in sync with the Podfile.lock. Run 'pod install' or update your CocoaPods installation.\" >&2\n    exit 1\nfi\n# This output is used by Xcode 'outputs' to avoid re-running this script phase.\necho \"SUCCESS\" > \"${SCRIPT_OUTPUT_FILE_0}\"\n";
			showEnvVarsInLog = 0;
		};
/* End PBXShellScriptBuildPhase section */

/* Begin PBXSourcesBuildPhase section */
		0F03804F252070EF00053C62 /* Sources */ = {
			isa = PBXSourcesBuildPhase;
			buildActionMask = 2147483647;
			files = (
				0F03805B252070EF00053C62 /* ViewController.swift in Sources */,
				0F038057252070EF00053C62 /* AppDelegate.swift in Sources */,
				0F66BB7925513F9900B152DF /* FirstLauchingViewController.swift in Sources */,
				0F4DBDA6254FAFD900AA26BB /* JustGetMiddleResultsDetailViewController.swift in Sources */,
				0F4DBD9B254FAFD900AA26BB /* ResponseTimeViewController.swift in Sources */,
				0F318A5E254FEE5E008538BD /* JustGetMiddlePlayWithOthers2ViewController.swift in Sources */,
				0F4DBDAA254FAFD900AA26BB /* DetailSettingViewController.swift in Sources */,
				0F4DBD9E254FAFD900AA26BB /* Player1ViewController.swift in Sources */,
				0F4DBDA8254FAFD900AA26BB /* SettingViewController.swift in Sources */,
				0FB3A96D255FB7CA00BF58DB /* Player9ViewController.swift in Sources */,
				0F4DBDA7254FAFD900AA26BB /* JustGetMiddleResultsViewController.swift in Sources */,
				0F4DBDA9254FAFD900AA26BB /* ChangeIconsViewController.swift in Sources */,
				0F318A60254FEE5E008538BD /* JustGetMiddlePlayWithOthersResultViewController.swift in Sources */,
				0FB3A963255FB7A200BF58DB /* Player7ViewController.swift in Sources */,
				0FB3A95E255FB79000BF58DB /* Player6ViewController.swift in Sources */,
				0F038059252070EF00053C62 /* SceneDelegate.swift in Sources */,
				0F4DBDAC254FAFD900AA26BB /* JustGetMiddleResult.swift in Sources */,
				0F66BB74254FF3D400B152DF /* JustGetMiddleResultsObject.swift in Sources */,
				0F4DBD9D254FAFD900AA26BB /* TenSecondsTimeViewController.swift in Sources */,
				0F318A5C254FEE5E008538BD /* JustGetMiddlePlayWithOthers6ViewController.swift in Sources */,
				0F4DBDAD254FAFD900AA26BB /* Record.swift in Sources */,
				0F4DBDAB254FAFD900AA26BB /* Setting.swift in Sources */,
				0F318A5D254FEE5E008538BD /* JustGetMiddlePlayWithOthers1ViewController.swift in Sources */,
				0FB3A945255F9E5E00BF58DB /* JustGetMiddlePlayWithOthers7ViewController.swift in Sources */,
				0F318A5B254FEE5E008538BD /* JustGetMiddlePlayWithOthers4ViewController.swift in Sources */,
				0FB3A94A255F9E9F00BF58DB /* JustGetMiddlePlayWithOthers8ViewController.swift in Sources */,
				0F318A5F254FEE5E008538BD /* JustGetMiddlePlayWithOthers3ViewController.swift in Sources */,
				0F4DBDA1254FAFD900AA26BB /* Player4ViewController.swift in Sources */,
				0F4DBDA4254FAFD900AA26BB /* SecondController.swift in Sources */,
				0F4DBD9F254FAFD900AA26BB /* Player3ViewController.swift in Sources */,
				0FB3A94F255F9EB100BF58DB /* JustGetMiddlePlayWithOthers9ViewController.swift in Sources */,
				0FB3A954255F9EC800BF58DB /* JustGetMiddlePlayWithOthers10ViewController.swift in Sources */,
				0F66BB842551627D00B152DF /* JustGetMiddleDto.swift in Sources */,
				0F318A5A254FEE5E008538BD /* JustGetMiddlePlayWithOthers5ViewController.swift in Sources */,
				0F4DBDA3254FAFD900AA26BB /* FirstController.swift in Sources */,
				0F4DBDA2254FAFD900AA26BB /* ResultsPlayWithOthersViewController.swift in Sources */,
				0FB3A972255FB7DC00BF58DB /* Player10ViewController.swift in Sources */,
				0F4DBDAE254FAFD900AA26BB /* EachRecord.swift in Sources */,
				0F4DBD9C254FAFD900AA26BB /* WorldScoreViewController.swift in Sources */,
				0F4DBDA5254FAFD900AA26BB /* JustGetMiddleViewController.swift in Sources */,
				0FB3A977255FEF9D00BF58DB /* JustGetMiddleLabelDto.swift in Sources */,
				0F66BB89255166EB00B152DF /* CountTimeViewModel.swift in Sources */,
				0F4DBDA0254FAFD900AA26BB /* Player2ViewController.swift in Sources */,
				0F66BB7F2551626200B152DF /* CountTimeDto.swift in Sources */,
				0F342F95252839520083DD75 /* MyTabBarController.swift in Sources */,
				0FB3A968255FB7B900BF58DB /* Player8ViewController.swift in Sources */,
				0FB620922556699700B7D6F3 /* LoginViewModel.swift in Sources */,
				0FB3A959255FB77900BF58DB /* Player5ViewController.swift in Sources */,
				0F4DBDAF254FAFD900AA26BB /* ResultsInOthers.swift in Sources */,
			);
			runOnlyForDeploymentPostprocessing = 0;
		};
		0F038065252070F100053C62 /* Sources */ = {
			isa = PBXSourcesBuildPhase;
			buildActionMask = 2147483647;
			files = (
				0F03806E252070F100053C62 /* tenSecondsTimerTests.swift in Sources */,
			);
			runOnlyForDeploymentPostprocessing = 0;
		};
		0F038070252070F100053C62 /* Sources */ = {
			isa = PBXSourcesBuildPhase;
			buildActionMask = 2147483647;
			files = (
				0F038079252070F100053C62 /* tenSecondsTimerUITests.swift in Sources */,
			);
			runOnlyForDeploymentPostprocessing = 0;
		};
/* End PBXSourcesBuildPhase section */

/* Begin PBXTargetDependency section */
		0F03806B252070F100053C62 /* PBXTargetDependency */ = {
			isa = PBXTargetDependency;
			target = 0F038052252070EF00053C62 /* tenSecondsTimer */;
			targetProxy = 0F03806A252070F100053C62 /* PBXContainerItemProxy */;
		};
		0F038076252070F100053C62 /* PBXTargetDependency */ = {
			isa = PBXTargetDependency;
			target = 0F038052252070EF00053C62 /* tenSecondsTimer */;
			targetProxy = 0F038075252070F100053C62 /* PBXContainerItemProxy */;
		};
/* End PBXTargetDependency section */

/* Begin PBXVariantGroup section */
		0F03805C252070EF00053C62 /* Main.storyboard */ = {
			isa = PBXVariantGroup;
			children = (
				0F03805D252070EF00053C62 /* Base */,
			);
			name = Main.storyboard;
			sourceTree = "<group>";
		};
		0F038061252070F100053C62 /* LaunchScreen.storyboard */ = {
			isa = PBXVariantGroup;
			children = (
				0F038062252070F100053C62 /* Base */,
			);
			name = LaunchScreen.storyboard;
			sourceTree = "<group>";
		};
/* End PBXVariantGroup section */

/* Begin XCBuildConfiguration section */
		0F03807B252070F100053C62 /* Debug */ = {
			isa = XCBuildConfiguration;
			buildSettings = {
				ALWAYS_SEARCH_USER_PATHS = NO;
				CLANG_ANALYZER_NONNULL = YES;
				CLANG_ANALYZER_NUMBER_OBJECT_CONVERSION = YES_AGGRESSIVE;
				CLANG_CXX_LANGUAGE_STANDARD = "gnu++14";
				CLANG_CXX_LIBRARY = "libc++";
				CLANG_ENABLE_MODULES = YES;
				CLANG_ENABLE_OBJC_ARC = YES;
				CLANG_ENABLE_OBJC_WEAK = YES;
				CLANG_WARN_BLOCK_CAPTURE_AUTORELEASING = YES;
				CLANG_WARN_BOOL_CONVERSION = YES;
				CLANG_WARN_COMMA = YES;
				CLANG_WARN_CONSTANT_CONVERSION = YES;
				CLANG_WARN_DEPRECATED_OBJC_IMPLEMENTATIONS = YES;
				CLANG_WARN_DIRECT_OBJC_ISA_USAGE = YES_ERROR;
				CLANG_WARN_DOCUMENTATION_COMMENTS = YES;
				CLANG_WARN_EMPTY_BODY = YES;
				CLANG_WARN_ENUM_CONVERSION = YES;
				CLANG_WARN_INFINITE_RECURSION = YES;
				CLANG_WARN_INT_CONVERSION = YES;
				CLANG_WARN_NON_LITERAL_NULL_CONVERSION = YES;
				CLANG_WARN_OBJC_IMPLICIT_RETAIN_SELF = YES;
				CLANG_WARN_OBJC_LITERAL_CONVERSION = YES;
				CLANG_WARN_OBJC_ROOT_CLASS = YES_ERROR;
				CLANG_WARN_QUOTED_INCLUDE_IN_FRAMEWORK_HEADER = YES;
				CLANG_WARN_RANGE_LOOP_ANALYSIS = YES;
				CLANG_WARN_STRICT_PROTOTYPES = YES;
				CLANG_WARN_SUSPICIOUS_MOVE = YES;
				CLANG_WARN_UNGUARDED_AVAILABILITY = YES_AGGRESSIVE;
				CLANG_WARN_UNREACHABLE_CODE = YES;
				CLANG_WARN__DUPLICATE_METHOD_MATCH = YES;
				COPY_PHASE_STRIP = NO;
				DEBUG_INFORMATION_FORMAT = dwarf;
				ENABLE_STRICT_OBJC_MSGSEND = YES;
				ENABLE_TESTABILITY = YES;
				GCC_C_LANGUAGE_STANDARD = gnu11;
				GCC_DYNAMIC_NO_PIC = NO;
				GCC_NO_COMMON_BLOCKS = YES;
				GCC_OPTIMIZATION_LEVEL = 0;
				GCC_PREPROCESSOR_DEFINITIONS = (
					"DEBUG=1",
					"$(inherited)",
				);
				GCC_WARN_64_TO_32_BIT_CONVERSION = YES;
				GCC_WARN_ABOUT_RETURN_TYPE = YES_ERROR;
				GCC_WARN_UNDECLARED_SELECTOR = YES;
				GCC_WARN_UNINITIALIZED_AUTOS = YES_AGGRESSIVE;
				GCC_WARN_UNUSED_FUNCTION = YES;
				GCC_WARN_UNUSED_VARIABLE = YES;
				IPHONEOS_DEPLOYMENT_TARGET = 14.0;
				MTL_ENABLE_DEBUG_INFO = INCLUDE_SOURCE;
				MTL_FAST_MATH = YES;
				ONLY_ACTIVE_ARCH = YES;
				SDKROOT = iphoneos;
				SWIFT_ACTIVE_COMPILATION_CONDITIONS = DEBUG;
				SWIFT_OPTIMIZATION_LEVEL = "-Onone";
			};
			name = Debug;
		};
		0F03807C252070F100053C62 /* Release */ = {
			isa = XCBuildConfiguration;
			buildSettings = {
				ALWAYS_SEARCH_USER_PATHS = NO;
				CLANG_ANALYZER_NONNULL = YES;
				CLANG_ANALYZER_NUMBER_OBJECT_CONVERSION = YES_AGGRESSIVE;
				CLANG_CXX_LANGUAGE_STANDARD = "gnu++14";
				CLANG_CXX_LIBRARY = "libc++";
				CLANG_ENABLE_MODULES = YES;
				CLANG_ENABLE_OBJC_ARC = YES;
				CLANG_ENABLE_OBJC_WEAK = YES;
				CLANG_WARN_BLOCK_CAPTURE_AUTORELEASING = YES;
				CLANG_WARN_BOOL_CONVERSION = YES;
				CLANG_WARN_COMMA = YES;
				CLANG_WARN_CONSTANT_CONVERSION = YES;
				CLANG_WARN_DEPRECATED_OBJC_IMPLEMENTATIONS = YES;
				CLANG_WARN_DIRECT_OBJC_ISA_USAGE = YES_ERROR;
				CLANG_WARN_DOCUMENTATION_COMMENTS = YES;
				CLANG_WARN_EMPTY_BODY = YES;
				CLANG_WARN_ENUM_CONVERSION = YES;
				CLANG_WARN_INFINITE_RECURSION = YES;
				CLANG_WARN_INT_CONVERSION = YES;
				CLANG_WARN_NON_LITERAL_NULL_CONVERSION = YES;
				CLANG_WARN_OBJC_IMPLICIT_RETAIN_SELF = YES;
				CLANG_WARN_OBJC_LITERAL_CONVERSION = YES;
				CLANG_WARN_OBJC_ROOT_CLASS = YES_ERROR;
				CLANG_WARN_QUOTED_INCLUDE_IN_FRAMEWORK_HEADER = YES;
				CLANG_WARN_RANGE_LOOP_ANALYSIS = YES;
				CLANG_WARN_STRICT_PROTOTYPES = YES;
				CLANG_WARN_SUSPICIOUS_MOVE = YES;
				CLANG_WARN_UNGUARDED_AVAILABILITY = YES_AGGRESSIVE;
				CLANG_WARN_UNREACHABLE_CODE = YES;
				CLANG_WARN__DUPLICATE_METHOD_MATCH = YES;
				COPY_PHASE_STRIP = NO;
				DEBUG_INFORMATION_FORMAT = "dwarf-with-dsym";
				ENABLE_NS_ASSERTIONS = NO;
				ENABLE_STRICT_OBJC_MSGSEND = YES;
				GCC_C_LANGUAGE_STANDARD = gnu11;
				GCC_NO_COMMON_BLOCKS = YES;
				GCC_WARN_64_TO_32_BIT_CONVERSION = YES;
				GCC_WARN_ABOUT_RETURN_TYPE = YES_ERROR;
				GCC_WARN_UNDECLARED_SELECTOR = YES;
				GCC_WARN_UNINITIALIZED_AUTOS = YES_AGGRESSIVE;
				GCC_WARN_UNUSED_FUNCTION = YES;
				GCC_WARN_UNUSED_VARIABLE = YES;
				IPHONEOS_DEPLOYMENT_TARGET = 14.0;
				MTL_ENABLE_DEBUG_INFO = NO;
				MTL_FAST_MATH = YES;
				SDKROOT = iphoneos;
				SWIFT_COMPILATION_MODE = wholemodule;
				SWIFT_OPTIMIZATION_LEVEL = "-O";
				VALIDATE_PRODUCT = YES;
			};
			name = Release;
		};
		0F03807E252070F100053C62 /* Debug */ = {
			isa = XCBuildConfiguration;
			baseConfigurationReference = CEF31107578B439F79189372 /* Pods-tenSecondsTimer.debug.xcconfig */;
			buildSettings = {
				ASSETCATALOG_COMPILER_APPICON_NAME = AppIcon;
				ASSETCATALOG_COMPILER_GLOBAL_ACCENT_COLOR_NAME = AccentColor;
				CODE_SIGN_STYLE = Automatic;
				DEVELOPMENT_TEAM = HJPV4X8ST6;
				INFOPLIST_FILE = tenSecondsTimer/Info.plist;
				LD_RUNPATH_SEARCH_PATHS = (
					"$(inherited)",
					"@executable_path/Frameworks",
				);
				PRODUCT_BUNDLE_IDENTIFIER = "swift-beginners.tenSecondsTimer";
				PRODUCT_NAME = "$(TARGET_NAME)";
				SWIFT_VERSION = 5.0;
				TARGETED_DEVICE_FAMILY = "1,2";
			};
			name = Debug;
		};
		0F03807F252070F100053C62 /* Release */ = {
			isa = XCBuildConfiguration;
			baseConfigurationReference = 4757FF48A49EEA45044EC7DC /* Pods-tenSecondsTimer.release.xcconfig */;
			buildSettings = {
				ASSETCATALOG_COMPILER_APPICON_NAME = AppIcon;
				ASSETCATALOG_COMPILER_GLOBAL_ACCENT_COLOR_NAME = AccentColor;
				CODE_SIGN_STYLE = Automatic;
				DEVELOPMENT_TEAM = HJPV4X8ST6;
				INFOPLIST_FILE = tenSecondsTimer/Info.plist;
				LD_RUNPATH_SEARCH_PATHS = (
					"$(inherited)",
					"@executable_path/Frameworks",
				);
				PRODUCT_BUNDLE_IDENTIFIER = "swift-beginners.tenSecondsTimer";
				PRODUCT_NAME = "$(TARGET_NAME)";
				SWIFT_VERSION = 5.0;
				TARGETED_DEVICE_FAMILY = "1,2";
			};
			name = Release;
		};
		0F038081252070F100053C62 /* Debug */ = {
			isa = XCBuildConfiguration;
			buildSettings = {
				ALWAYS_EMBED_SWIFT_STANDARD_LIBRARIES = YES;
				BUNDLE_LOADER = "$(TEST_HOST)";
				CODE_SIGN_STYLE = Automatic;
				DEVELOPMENT_TEAM = HJPV4X8ST6;
				INFOPLIST_FILE = tenSecondsTimerTests/Info.plist;
				IPHONEOS_DEPLOYMENT_TARGET = 14.0;
				LD_RUNPATH_SEARCH_PATHS = (
					"$(inherited)",
					"@executable_path/Frameworks",
					"@loader_path/Frameworks",
				);
				PRODUCT_BUNDLE_IDENTIFIER = "swift-beginners.tenSecondsTimerTests";
				PRODUCT_NAME = "$(TARGET_NAME)";
				SWIFT_VERSION = 5.0;
				TARGETED_DEVICE_FAMILY = "1,2";
				TEST_HOST = "$(BUILT_PRODUCTS_DIR)/tenSecondsTimer.app/tenSecondsTimer";
			};
			name = Debug;
		};
		0F038082252070F100053C62 /* Release */ = {
			isa = XCBuildConfiguration;
			buildSettings = {
				ALWAYS_EMBED_SWIFT_STANDARD_LIBRARIES = YES;
				BUNDLE_LOADER = "$(TEST_HOST)";
				CODE_SIGN_STYLE = Automatic;
				DEVELOPMENT_TEAM = HJPV4X8ST6;
				INFOPLIST_FILE = tenSecondsTimerTests/Info.plist;
				IPHONEOS_DEPLOYMENT_TARGET = 14.0;
				LD_RUNPATH_SEARCH_PATHS = (
					"$(inherited)",
					"@executable_path/Frameworks",
					"@loader_path/Frameworks",
				);
				PRODUCT_BUNDLE_IDENTIFIER = "swift-beginners.tenSecondsTimerTests";
				PRODUCT_NAME = "$(TARGET_NAME)";
				SWIFT_VERSION = 5.0;
				TARGETED_DEVICE_FAMILY = "1,2";
				TEST_HOST = "$(BUILT_PRODUCTS_DIR)/tenSecondsTimer.app/tenSecondsTimer";
			};
			name = Release;
		};
		0F038084252070F100053C62 /* Debug */ = {
			isa = XCBuildConfiguration;
			buildSettings = {
				ALWAYS_EMBED_SWIFT_STANDARD_LIBRARIES = YES;
				CODE_SIGN_STYLE = Automatic;
				DEVELOPMENT_TEAM = HJPV4X8ST6;
				INFOPLIST_FILE = tenSecondsTimerUITests/Info.plist;
				LD_RUNPATH_SEARCH_PATHS = (
					"$(inherited)",
					"@executable_path/Frameworks",
					"@loader_path/Frameworks",
				);
				PRODUCT_BUNDLE_IDENTIFIER = "swift-beginners.tenSecondsTimerUITests";
				PRODUCT_NAME = "$(TARGET_NAME)";
				SWIFT_VERSION = 5.0;
				TARGETED_DEVICE_FAMILY = "1,2";
				TEST_TARGET_NAME = tenSecondsTimer;
			};
			name = Debug;
		};
		0F038085252070F100053C62 /* Release */ = {
			isa = XCBuildConfiguration;
			buildSettings = {
				ALWAYS_EMBED_SWIFT_STANDARD_LIBRARIES = YES;
				CODE_SIGN_STYLE = Automatic;
				DEVELOPMENT_TEAM = HJPV4X8ST6;
				INFOPLIST_FILE = tenSecondsTimerUITests/Info.plist;
				LD_RUNPATH_SEARCH_PATHS = (
					"$(inherited)",
					"@executable_path/Frameworks",
					"@loader_path/Frameworks",
				);
				PRODUCT_BUNDLE_IDENTIFIER = "swift-beginners.tenSecondsTimerUITests";
				PRODUCT_NAME = "$(TARGET_NAME)";
				SWIFT_VERSION = 5.0;
				TARGETED_DEVICE_FAMILY = "1,2";
				TEST_TARGET_NAME = tenSecondsTimer;
			};
			name = Release;
		};
/* End XCBuildConfiguration section */

/* Begin XCConfigurationList section */
		0F03804E252070EF00053C62 /* Build configuration list for PBXProject "tenSecondsTimer" */ = {
			isa = XCConfigurationList;
			buildConfigurations = (
				0F03807B252070F100053C62 /* Debug */,
				0F03807C252070F100053C62 /* Release */,
			);
			defaultConfigurationIsVisible = 0;
			defaultConfigurationName = Release;
		};
		0F03807D252070F100053C62 /* Build configuration list for PBXNativeTarget "tenSecondsTimer" */ = {
			isa = XCConfigurationList;
			buildConfigurations = (
				0F03807E252070F100053C62 /* Debug */,
				0F03807F252070F100053C62 /* Release */,
			);
			defaultConfigurationIsVisible = 0;
			defaultConfigurationName = Release;
		};
		0F038080252070F100053C62 /* Build configuration list for PBXNativeTarget "tenSecondsTimerTests" */ = {
			isa = XCConfigurationList;
			buildConfigurations = (
				0F038081252070F100053C62 /* Debug */,
				0F038082252070F100053C62 /* Release */,
			);
			defaultConfigurationIsVisible = 0;
			defaultConfigurationName = Release;
		};
		0F038083252070F100053C62 /* Build configuration list for PBXNativeTarget "tenSecondsTimerUITests" */ = {
			isa = XCConfigurationList;
			buildConfigurations = (
				0F038084252070F100053C62 /* Debug */,
				0F038085252070F100053C62 /* Release */,
			);
			defaultConfigurationIsVisible = 0;
			defaultConfigurationName = Release;
		};
/* End XCConfigurationList section */
	};
	rootObject = 0F03804B252070EF00053C62 /* Project object */;
}
